
Microsoft Visual Studio Solution File, Format Version 12.00
# Visual Studio Version 17
VisualStudioVersion = 17.14.37216.2 d17.14
MinimumVisualStudioVersion = 10.0.40219.1
Project("{FAE04EC0-301F-11D3-BF4B-00C04F79EFBC}") = "Exceptions", "Exceptions\Exceptions.csproj", "{54298DCC-E37F-47F8-BAD4-15823E19AB3D}"
EndProject
Global
	GlobalSection(SolutionConfigurationPlatforms) = preSolution
		Debug|Any CPU = Debug|Any CPU
		Release|Any CPU = Release|Any CPU
	EndGlobalSection
	GlobalSection(ProjectConfigurationPlatforms) = postSolution
		{54298DCC-E37F-47F8-BAD4-15823E19AB3D}.Debug|Any CPU.ActiveCfg = Debug|Any CPU
		{54298DCC-E37F-47F8-BAD4-15823E19AB3D}.Debug|Any CPU.Build.0 = Debug|Any CPU
		{54298DCC-E37F-47F8-BAD4-15823E19AB3D}.Release|Any CPU.ActiveCfg = Release|Any CPU
		{54298DCC-E37F-47F8-BAD4-15823E19AB3D}.Release|Any CPU.Build.0 = Release|Any CPU
	EndGlobalSection
	GlobalSection(SolutionProperties) = preSolution
		HideSolutionNode = FALSE
	EndGlobalSection
	GlobalSection(ExtensibilityGlobals) = postSolution
		SolutionGuid = {806B23D0-3705-4E8B-AECD-75CA5E366269}
	EndGlobalSection
EndGlobal
